{
    "_readme": [
        "This file locks the dependencies of your project to a known state",
        "Read more about it at https://getcomposer.org/doc/01-basic-usage.md#installing-dependencies",
        "This file is @generated automatically"
    ],
    "content-hash": "18261ffd3fc71daf0c899ec8984ee3df",
    "packages": [
        {
            "name": "afragen/singleton",
            "version": "dev-master",
            "source": {
                "type": "git",
                "url": "https://github.com/afragen/singleton.git",
                "reference": "011f7eb2fd66a3c28ee82503fa2f7ae7cd9e4288"
            },
            "dist": {
                "type": "zip",
                "url": "https://api.github.com/repos/afragen/singleton/zipball/011f7eb2fd66a3c28ee82503fa2f7ae7cd9e4288",
                "reference": "011f7eb2fd66a3c28ee82503fa2f7ae7cd9e4288",
                "shasum": ""
            },
            "require": {
                "php": ">=5.4"
            },
            "default-branch": true,
            "type": "library",
            "autoload": {
                "classmap": [
                    "Singleton.php"
                ]
            },
            "notification-url": "https://packagist.org/downloads/",
            "license": [
                "MIT"
            ],
            "authors": [
                {
                    "name": "Andy Fragen",
                    "email": "andy@thefragens.com",
                    "homepage": "https://github.com/afragen/singleton",
                    "role": "Developer"
                }
            ],
            "description": "A singleton static proxy generator.",
            "keywords": [
                "singleton",
                "wordpress"
            ],
            "support": {
                "issues": "https://github.com/afragen/singleton/issues",
                "source": "https://github.com/afragen/singleton/tree/master"
            },
            "time": "2023-03-19T16:43:34+00:00"
        },
        {
            "name": "wp-cli/wp-config-transformer",
            "version": "v1.3.1",
            "source": {
                "type": "git",
                "url": "https://github.com/wp-cli/wp-config-transformer.git",
                "reference": "c5b5349b86a3eea6c8a3f401f556f21a717aa80e"
            },
            "dist": {
                "type": "zip",
                "url": "https://api.github.com/repos/wp-cli/wp-config-transformer/zipball/c5b5349b86a3eea6c8a3f401f556f21a717aa80e",
                "reference": "c5b5349b86a3eea6c8a3f401f556f21a717aa80e",
                "shasum": ""
            },
            "require": {
                "php": "^5.6 || ^7.0 || ^8.0"
            },
            "require-dev": {
                "wp-cli/wp-cli-tests": "^3.1"
            },
            "type": "library",
            "autoload": {
                "files": [
                    "src/WPConfigTransformer.php"
                ]
            },
            "notification-url": "https://packagist.org/downloads/",
            "license": [
                "MIT"
            ],
            "authors": [
                {
                    "name": "Frankie Jarrett",
                    "email": "fjarrett@gmail.com"
                }
            ],
            "description": "Programmatically edit a wp-config.php file.",
            "homepage": "https://github.com/wp-cli/wp-config-transformer",
            "support": {
                "issues": "https://github.com/wp-cli/wp-config-transformer/issues",
                "source": "https://github.com/wp-cli/wp-config-transformer/tree/v1.3.1"
            },
            "time": "2023-01-12T03:32:05+00:00"
        }
    ],
    "packages-dev": [],
    "aliases": [],
    "minimum-stability": "stable",
    "stability-flags": {
        "afragen/singleton": 20
    },
    "prefer-stable": true,
    "prefer-lowest": false,
    "platform": {
        "php": ">=5.6"
    },
    "platform-dev": [],
    "plugin-api-version": "2.3.0"
}
